
Microsoft Visual Studio Solution File, Format Version 12.00
# Visual Studio 15
VisualStudioVersion = 15.0.28307.705
MinimumVisualStudioVersion = 10.0.40219.1
Project("{FAE04EC0-301F-11D3-BF4B-00C04F79EFBC}") = "TupleCollections-net40", "TupleCollections-net40\TupleCollections-net40.csproj", "{6CD3A2B2-FB5F-4894-B1F4-2B73A61B88EE}"
EndProject
Global
	GlobalSection(SolutionConfigurationPlatforms) = preSolution
		Debug|Any CPU = Debug|Any CPU
		Release|Any CPU = Release|Any CPU
	EndGlobalSection
	GlobalSection(ProjectConfigurationPlatforms) = postSolution
		{6CD3A2B2-FB5F-4894-B1F4-2B73A61B88EE}.Debug|Any CPU.ActiveCfg = Debug|Any CPU
		{6CD3A2B2-FB5F-4894-B1F4-2B73A61B88EE}.Debug|Any CPU.Build.0 = Debug|Any CPU
		{6CD3A2B2-FB5F-4894-B1F4-2B73A61B88EE}.Release|Any CPU.ActiveCfg = Release|Any CPU
		{6CD3A2B2-FB5F-4894-B1F4-2B73A61B88EE}.Release|Any CPU.Build.0 = Release|Any CPU
	EndGlobalSection
	GlobalSection(SolutionProperties) = preSolution
		HideSolutionNode = FALSE
	EndGlobalSection
	GlobalSection(ExtensibilityGlobals) = postSolution
		SolutionGuid = {91DD7EE1-4226-4FF2-AA49-E1BF072EBB7E}
	EndGlobalSection
EndGlobal
